
Microsoft Visual Studio Solution File, Format Version 12.00
# Visual Studio Version 17
VisualStudioVersion = 17.5.002.0
MinimumVisualStudioVersion = 10.0.40219.1
Project("{2150E333-8FDC-42A3-9474-1A3956D46DE8}") = "Lista Exercicio 1 (inicio)", "Lista Exercicio 1 (inicio)", "{F45B1B37-3BE2-4E96-89C0-DAC6ADA1D0C1}"
EndProject
Project("{9A19103F-16F7-4668-BE54-9A1E7A4F7556}") = "atividade_1", "Lista Exercicio 1 (inicio)\1_LendoNaTela\atividade_1.csproj", "{FB978D73-7620-4E43-B769-E62EA31EC34D}"
EndProject
Project("{9A19103F-16F7-4668-BE54-9A1E7A4F7556}") = "2_NumDobro", "Lista Exercicio 1 (inicio)\2_NumDobro\2_NumDobro.csproj", "{677C54AB-53C9-4131-9233-A39C2F62337D}"
EndProject
Project("{9A19103F-16F7-4668-BE54-9A1E7A4F7556}") = "3_CentimetrosMetros", "Lista Exercicio 1 (inicio)\3_CentimetrosMetros\3_CentimetrosMetros.csproj", "{5631A326-305A-47AE-BD80-D2A24861DE25}"
EndProject
Project("{9A19103F-16F7-4668-BE54-9A1E7A4F7556}") = "4_AreaQuadrado", "Lista Exercicio 1 (inicio)\4_AreaQuadrado\4_AreaQuadrado.csproj", "{9CC55A56-91CC-4417-8D1D-8B52BB95B9C4}"
EndProject
Project("{9A19103F-16F7-4668-BE54-9A1E7A4F7556}") = "5_AreaCirculo", "Lista Exercicio 1 (inicio)\5_AreaCirculo\5_AreaCirculo.csproj", "{4D889E5A-659C-4F72-A1ED-4356EC52ADF2}"
EndProject
Project("{9A19103F-16F7-4668-BE54-9A1E7A4F7556}") = "6_AnteSucessor", "Lista Exercicio 1 (inicio)\6_AnteSucessor\6_AnteSucessor.csproj", "{B0834E48-3590-43F0-A316-20D0BAEDB78D}"
EndProject
Project("{9A19103F-16F7-4668-BE54-9A1E7A4F7556}") = "7_salarioNew", "Lista Exercicio 1 (inicio)\7_salarioNew\7_salarioNew.csproj", "{320B3617-D552-421E-B57E-6A6D6546A3AF}"
EndProject
Project("{2150E333-8FDC-42A3-9474-1A3956D46DE8}") = "Lista Exercicio 2 (operadores)", "Lista Exercicio 2 (operadores)", "{48AA143C-FA9A-4821-B4B8-AAEC885E2792}"
EndProject
Project("{9A19103F-16F7-4668-BE54-9A1E7A4F7556}") = "10_SalarioMes", "Lista Exercicio 2 (operadores)\10_SalarioMes\10_SalarioMes.csproj", "{7B2A218E-C4E8-4EC7-AFE1-4CC75DB3B0E0}"
EndProject
Project("{9A19103F-16F7-4668-BE54-9A1E7A4F7556}") = "11_Eleitor", "Lista Exercicio 2 (operadores)\11_Eleitor\11_Eleitor.csproj", "{65DB9BCD-B21D-49B9-BF35-965D639D8CDA}"
EndProject
Project("{9A19103F-16F7-4668-BE54-9A1E7A4F7556}") = "12_ValorCarro", "Lista Exercicio 2 (operadores)\12_ValorCarro\12_ValorCarro.csproj", "{EA51B36C-0E88-4D55-A703-FD764899D44C}"
EndProject
Project("{9A19103F-16F7-4668-BE54-9A1E7A4F7556}") = "13_NotaMedia", "Lista Exercicio 2 (operadores)\13_NotaMedia\13_NotaMedia.csproj", "{BC2209F9-1AC0-4A8A-BD99-CC13A8FDD3E1}"
EndProject
Project("{9A19103F-16F7-4668-BE54-9A1E7A4F7556}") = "1_AnosEmDias", "Lista Exercicio 2 (operadores)\1_AnosEmDias\1_AnosEmDias.csproj", "{C7AA57B7-FBD5-42B7-814F-5982F798162F}"
EndProject
Project("{9A19103F-16F7-4668-BE54-9A1E7A4F7556}") = "2_MediaNota", "Lista Exercicio 2 (operadores)\2_MediaNota\2_MediaNota.csproj", "{83E69A6D-8004-4AF9-9E69-653F7F0F373F}"
EndProject
Project("{9A19103F-16F7-4668-BE54-9A1E7A4F7556}") = "3_DobroArea", "Lista Exercicio 2 (operadores)\3_DobroArea\3_DobroArea.csproj", "{799DF015-D66C-4722-87BB-1AEC0F9616DA}"
EndProject
Project("{9A19103F-16F7-4668-BE54-9A1E7A4F7556}") = "4_TotalSegundos", "Lista Exercicio 2 (operadores)\4_TotalSegundos\4_TotalSegundos.csproj", "{672BDB44-0FF7-441C-809B-D9D735AF5518}"
EndProject
Project("{9A19103F-16F7-4668-BE54-9A1E7A4F7556}") = "5_TempViagem", "Lista Exercicio 2 (operadores)\5_TempViagem\5_TempViagem.csproj", "{39F1D0E2-0913-409A-8104-540A773E32A3}"
EndProject
Project("{9A19103F-16F7-4668-BE54-9A1E7A4F7556}") = "TempoVida", "Lista Exercicio 2 (operadores)\6_TempoVida\TempoVida.csproj", "{427E4488-5844-4E50-8B1A-ABE7FACB0A10}"
EndProject
Project("{9A19103F-16F7-4668-BE54-9A1E7A4F7556}") = "7_TotalSalario", "Lista Exercicio 2 (operadores)\7_TotalSalario\7_TotalSalario.csproj", "{18FBD180-493B-4001-AEE4-D86126B4178F}"
EndProject
Project("{9A19103F-16F7-4668-BE54-9A1E7A4F7556}") = "8_SomaDeNum", "Lista Exercicio 2 (operadores)\8_SomaDeNum\8_SomaDeNum.csproj", "{554A9259-8D83-434A-A573-2DD88F387ECB}"
EndProject
Project("{9A19103F-16F7-4668-BE54-9A1E7A4F7556}") = "9_PesoIdeal", "Lista Exercicio 2 (operadores)\9_PesoIdeal\9_PesoIdeal.csproj", "{75338207-FFAE-465F-94D0-274ED1A4EA2D}"
EndProject
Project("{2150E333-8FDC-42A3-9474-1A3956D46DE8}") = "Lista Exercicio 3 (est. Condicional)", "Lista Exercicio 3 (est. Condicional)", "{643B4A3A-44ED-423B-A3FF-F23465DAF4BC}"
EndProject
Project("{9A19103F-16F7-4668-BE54-9A1E7A4F7556}") = "10_SalarioAumento", "Lista Exercicio 3 (est. Condicional)\10_SalarioAumento\10_SalarioAumento.csproj", "{8F6FE4D4-580D-4633-8D0B-0963DDF50575}"
EndProject
Project("{9A19103F-16F7-4668-BE54-9A1E7A4F7556}") = "11_Folha_Pagamento", "Lista Exercicio 3 (est. Condicional)\11_Folha_Pagamento\11_Folha_Pagamento.csproj", "{E6967E63-CDAE-4C4D-8FD8-F0CA666EC997}"
EndProject
Project("{9A19103F-16F7-4668-BE54-9A1E7A4F7556}") = "1_PosiOuNega", "Lista Exercicio 3 (est. Condicional)\1_PosiOuNega\1_PosiOuNega.csproj", "{7FB63C43-6C96-47BC-9AE1-65484E9F9379}"
EndProject
Project("{9A19103F-16F7-4668-BE54-9A1E7A4F7556}") = "2_Ler2Num", "Lista Exercicio 3 (est. Condicional)\2_Ler2Num\2_Ler2Num.csproj", "{E7A8EFAE-F6AD-4A50-A5B1-3D4EBDBE7AAA}"
EndProject
Project("{9A19103F-16F7-4668-BE54-9A1E7A4F7556}") = "F_ou_M", "Lista Exercicio 3 (est. Condicional)\3_F_ou_M\F_ou_M.csproj", "{A244E87D-C415-4F9A-8558-9870AA64CCB0}"
EndProject
Project("{9A19103F-16F7-4668-BE54-9A1E7A4F7556}") = "4_verifLetra", "Lista Exercicio 3 (est. Condicional)\4_verifLetra\4_verifLetra.csproj", "{72E16F0C-3A1C-451B-9398-ED2129EA0A97}"
EndProject
Project("{9A19103F-16F7-4668-BE54-9A1E7A4F7556}") = "5_MaiorNum", "Lista Exercicio 3 (est. Condicional)\5_MaiorNum\5_MaiorNum.csproj", "{5795718C-9C27-49EC-9B3B-1809B9A0A6AF}"
EndProject
Project("{9A19103F-16F7-4668-BE54-9A1E7A4F7556}") = "6_MenorNum", "Lista Exercicio 3 (est. Condicional)\6_MenorNum\6_MenorNum.csproj", "{DF005E0E-139B-4891-A337-F89A62423978}"
EndProject
Project("{9A19103F-16F7-4668-BE54-9A1E7A4F7556}") = "7_PrecoComprar", "Lista Exercicio 3 (est. Condicional)\7_PrecoComprar\7_PrecoComprar.csproj", "{5222A069-1713-487B-A4BE-C8F0098AC3A6}"
EndProject
Project("{9A19103F-16F7-4668-BE54-9A1E7A4F7556}") = "8_Decrescente", "Lista Exercicio 3 (est. Condicional)\8_Decrescente\8_Decrescente.csproj", "{95A8ABDE-A7F7-4786-B303-EF99B370B651}"
EndProject
Project("{9A19103F-16F7-4668-BE54-9A1E7A4F7556}") = "9_Turno", "Lista Exercicio 3 (est. Condicional)\9_Turno\9_Turno.csproj", "{0C69E26C-B168-4F18-BF60-4380E083AC35}"
EndProject
Project("{2150E333-8FDC-42A3-9474-1A3956D46DE8}") = "Lista Exercicio 4 (laço de repetição)", "Lista Exercicio 4 (laço de repetição)", "{CCBED476-FBC6-4A0E-8AE3-6D943D76AC7A}"
EndProject
Project("{9A19103F-16F7-4668-BE54-9A1E7A4F7556}") = "1_Nota0a10", "Lista Exercicio 4 (laço de repetição)\1_Nota0a10\1_Nota0a10.csproj", "{0B824E86-CBE3-4776-BA44-DF1F6D4C8C77}"
EndProject
Project("{9A19103F-16F7-4668-BE54-9A1E7A4F7556}") = "2_Senha==Usuario", "Lista Exercicio 4 (laço de repetição)\2_Senha==Usuario\2_Senha==Usuario.csproj", "{F4E9CEF6-DB55-4495-9147-1FBA966F567E}"
EndProject
Project("{9A19103F-16F7-4668-BE54-9A1E7A4F7556}") = "3_Leia_Valide", "Lista Exercicio 4 (laço de repetição)\3_Leia_Valide\3_Leia_Valide.csproj", "{1F12CB1C-A997-4AEF-B3CA-3E768EF28804}"
EndProject
Project("{9A19103F-16F7-4668-BE54-9A1E7A4F7556}") = "4_População++", "Lista Exercicio 4 (laço de repetição)\4_População++\4_População++.csproj", "{1448FFB9-D53F-4DB2-B581-C73CA5AFBE83}"
EndProject
Project("{2150E333-8FDC-42A3-9474-1A3956D46DE8}") = "Exercicio DESAFIOS (Ao infinito e além)", "Exercicio DESAFIOS (Ao infinito e além)", "{64C1E8E3-89B3-4542-B65C-151219AE8C5B}"
EndProject
Project("{9A19103F-16F7-4668-BE54-9A1E7A4F7556}") = "1_ConversaoParaMinutos", "Lista Exercicio 1 (inicio)\Exercicio DESAFIOS (Ao infinito e além)\1_ConversaoParaMinutos\1_ConversaoParaMinutos.csproj", "{1C9582B6-A649-45E5-BE60-F07E8ED5FF2E}"
EndProject
Project("{9A19103F-16F7-4668-BE54-9A1E7A4F7556}") = "2_ConversorDeGraus", "Lista Exercicio 1 (inicio)\Exercicio DESAFIOS (Ao infinito e além)\2_ConversorDeGraus\2_ConversorDeGraus.csproj", "{6B1E84D5-3054-4272-A4C9-5A6256F89003}"
EndProject
Project("{9A19103F-16F7-4668-BE54-9A1E7A4F7556}") = "3_CustoCarro", "Lista Exercicio 1 (inicio)\Exercicio DESAFIOS (Ao infinito e além)\3_CustoCarro\3_CustoCarro.csproj", "{98ED0FE4-E71A-4DA3-9632-08CA47E35BB8}"
EndProject
Global
	GlobalSection(SolutionConfigurationPlatforms) = preSolution
		Debug|Any CPU = Debug|Any CPU
		Release|Any CPU = Release|Any CPU
	EndGlobalSection
	GlobalSection(ProjectConfigurationPlatforms) = postSolution
		{FB978D73-7620-4E43-B769-E62EA31EC34D}.Debug|Any CPU.ActiveCfg = Debug|Any CPU
		{FB978D73-7620-4E43-B769-E62EA31EC34D}.Debug|Any CPU.Build.0 = Debug|Any CPU
		{FB978D73-7620-4E43-B769-E62EA31EC34D}.Release|Any CPU.ActiveCfg = Release|Any CPU
		{FB978D73-7620-4E43-B769-E62EA31EC34D}.Release|Any CPU.Build.0 = Release|Any CPU
		{677C54AB-53C9-4131-9233-A39C2F62337D}.Debug|Any CPU.ActiveCfg = Debug|Any CPU
		{677C54AB-53C9-4131-9233-A39C2F62337D}.Debug|Any CPU.Build.0 = Debug|Any CPU
		{677C54AB-53C9-4131-9233-A39C2F62337D}.Release|Any CPU.ActiveCfg = Release|Any CPU
		{677C54AB-53C9-4131-9233-A39C2F62337D}.Release|Any CPU.Build.0 = Release|Any CPU
		{5631A326-305A-47AE-BD80-D2A24861DE25}.Debug|Any CPU.ActiveCfg = Debug|Any CPU
		{5631A326-305A-47AE-BD80-D2A24861DE25}.Debug|Any CPU.Build.0 = Debug|Any CPU
		{5631A326-305A-47AE-BD80-D2A24861DE25}.Release|Any CPU.ActiveCfg = Release|Any CPU
		{5631A326-305A-47AE-BD80-D2A24861DE25}.Release|Any CPU.Build.0 = Release|Any CPU
		{9CC55A56-91CC-4417-8D1D-8B52BB95B9C4}.Debug|Any CPU.ActiveCfg = Debug|Any CPU
		{9CC55A56-91CC-4417-8D1D-8B52BB95B9C4}.Debug|Any CPU.Build.0 = Debug|Any CPU
		{9CC55A56-91CC-4417-8D1D-8B52BB95B9C4}.Release|Any CPU.ActiveCfg = Release|Any CPU
		{9CC55A56-91CC-4417-8D1D-8B52BB95B9C4}.Release|Any CPU.Build.0 = Release|Any CPU
		{4D889E5A-659C-4F72-A1ED-4356EC52ADF2}.Debug|Any CPU.ActiveCfg = Debug|Any CPU
		{4D889E5A-659C-4F72-A1ED-4356EC52ADF2}.Debug|Any CPU.Build.0 = Debug|Any CPU
		{4D889E5A-659C-4F72-A1ED-4356EC52ADF2}.Release|Any CPU.ActiveCfg = Release|Any CPU
		{4D889E5A-659C-4F72-A1ED-4356EC52ADF2}.Release|Any CPU.Build.0 = Release|Any CPU
		{B0834E48-3590-43F0-A316-20D0BAEDB78D}.Debug|Any CPU.ActiveCfg = Debug|Any CPU
		{B0834E48-3590-43F0-A316-20D0BAEDB78D}.Debug|Any CPU.Build.0 = Debug|Any CPU
		{B0834E48-3590-43F0-A316-20D0BAEDB78D}.Release|Any CPU.ActiveCfg = Release|Any CPU
		{B0834E48-3590-43F0-A316-20D0BAEDB78D}.Release|Any CPU.Build.0 = Release|Any CPU
		{320B3617-D552-421E-B57E-6A6D6546A3AF}.Debug|Any CPU.ActiveCfg = Debug|Any CPU
		{320B3617-D552-421E-B57E-6A6D6546A3AF}.Debug|Any CPU.Build.0 = Debug|Any CPU
		{320B3617-D552-421E-B57E-6A6D6546A3AF}.Release|Any CPU.ActiveCfg = Release|Any CPU
		{320B3617-D552-421E-B57E-6A6D6546A3AF}.Release|Any CPU.Build.0 = Release|Any CPU
		{7B2A218E-C4E8-4EC7-AFE1-4CC75DB3B0E0}.Debug|Any CPU.ActiveCfg = Debug|Any CPU
		{7B2A218E-C4E8-4EC7-AFE1-4CC75DB3B0E0}.Debug|Any CPU.Build.0 = Debug|Any CPU
		{7B2A218E-C4E8-4EC7-AFE1-4CC75DB3B0E0}.Release|Any CPU.ActiveCfg = Release|Any CPU
		{7B2A218E-C4E8-4EC7-AFE1-4CC75DB3B0E0}.Release|Any CPU.Build.0 = Release|Any CPU
		{65DB9BCD-B21D-49B9-BF35-965D639D8CDA}.Debug|Any CPU.ActiveCfg = Debug|Any CPU
		{65DB9BCD-B21D-49B9-BF35-965D639D8CDA}.Debug|Any CPU.Build.0 = Debug|Any CPU
		{65DB9BCD-B21D-49B9-BF35-965D639D8CDA}.Release|Any CPU.ActiveCfg = Release|Any CPU
		{65DB9BCD-B21D-49B9-BF35-965D639D8CDA}.Release|Any CPU.Build.0 = Release|Any CPU
		{EA51B36C-0E88-4D55-A703-FD764899D44C}.Debug|Any CPU.ActiveCfg = Debug|Any CPU
		{EA51B36C-0E88-4D55-A703-FD764899D44C}.Debug|Any CPU.Build.0 = Debug|Any CPU
		{EA51B36C-0E88-4D55-A703-FD764899D44C}.Release|Any CPU.ActiveCfg = Release|Any CPU
		{EA51B36C-0E88-4D55-A703-FD764899D44C}.Release|Any CPU.Build.0 = Release|Any CPU
		{BC2209F9-1AC0-4A8A-BD99-CC13A8FDD3E1}.Debug|Any CPU.ActiveCfg = Debug|Any CPU
		{BC2209F9-1AC0-4A8A-BD99-CC13A8FDD3E1}.Debug|Any CPU.Build.0 = Debug|Any CPU
		{BC2209F9-1AC0-4A8A-BD99-CC13A8FDD3E1}.Release|Any CPU.ActiveCfg = Release|Any CPU
		{BC2209F9-1AC0-4A8A-BD99-CC13A8FDD3E1}.Release|Any CPU.Build.0 = Release|Any CPU
		{C7AA57B7-FBD5-42B7-814F-5982F798162F}.Debug|Any CPU.ActiveCfg = Debug|Any CPU
		{C7AA57B7-FBD5-42B7-814F-5982F798162F}.Debug|Any CPU.Build.0 = Debug|Any CPU
		{C7AA57B7-FBD5-42B7-814F-5982F798162F}.Release|Any CPU.ActiveCfg = Release|Any CPU
		{C7AA57B7-FBD5-42B7-814F-5982F798162F}.Release|Any CPU.Build.0 = Release|Any CPU
		{83E69A6D-8004-4AF9-9E69-653F7F0F373F}.Debug|Any CPU.ActiveCfg = Debug|Any CPU
		{83E69A6D-8004-4AF9-9E69-653F7F0F373F}.Debug|Any CPU.Build.0 = Debug|Any CPU
		{83E69A6D-8004-4AF9-9E69-653F7F0F373F}.Release|Any CPU.ActiveCfg = Release|Any CPU
		{83E69A6D-8004-4AF9-9E69-653F7F0F373F}.Release|Any CPU.Build.0 = Release|Any CPU
		{799DF015-D66C-4722-87BB-1AEC0F9616DA}.Debug|Any CPU.ActiveCfg = Debug|Any CPU
		{799DF015-D66C-4722-87BB-1AEC0F9616DA}.Debug|Any CPU.Build.0 = Debug|Any CPU
		{799DF015-D66C-4722-87BB-1AEC0F9616DA}.Release|Any CPU.ActiveCfg = Release|Any CPU
		{799DF015-D66C-4722-87BB-1AEC0F9616DA}.Release|Any CPU.Build.0 = Release|Any CPU
		{672BDB44-0FF7-441C-809B-D9D735AF5518}.Debug|Any CPU.ActiveCfg = Debug|Any CPU
		{672BDB44-0FF7-441C-809B-D9D735AF5518}.Debug|Any CPU.Build.0 = Debug|Any CPU
		{672BDB44-0FF7-441C-809B-D9D735AF5518}.Release|Any CPU.ActiveCfg = Release|Any CPU
		{672BDB44-0FF7-441C-809B-D9D735AF5518}.Release|Any CPU.Build.0 = Release|Any CPU
		{39F1D0E2-0913-409A-8104-540A773E32A3}.Debug|Any CPU.ActiveCfg = Debug|Any CPU
		{39F1D0E2-0913-409A-8104-540A773E32A3}.Debug|Any CPU.Build.0 = Debug|Any CPU
		{39F1D0E2-0913-409A-8104-540A773E32A3}.Release|Any CPU.ActiveCfg = Release|Any CPU
		{39F1D0E2-0913-409A-8104-540A773E32A3}.Release|Any CPU.Build.0 = Release|Any CPU
		{427E4488-5844-4E50-8B1A-ABE7FACB0A10}.Debug|Any CPU.ActiveCfg = Debug|Any CPU
		{427E4488-5844-4E50-8B1A-ABE7FACB0A10}.Debug|Any CPU.Build.0 = Debug|Any CPU
		{427E4488-5844-4E50-8B1A-ABE7FACB0A10}.Release|Any CPU.ActiveCfg = Release|Any CPU
		{427E4488-5844-4E50-8B1A-ABE7FACB0A10}.Release|Any CPU.Build.0 = Release|Any CPU
		{18FBD180-493B-4001-AEE4-D86126B4178F}.Debug|Any CPU.ActiveCfg = Debug|Any CPU
		{18FBD180-493B-4001-AEE4-D86126B4178F}.Debug|Any CPU.Build.0 = Debug|Any CPU
		{18FBD180-493B-4001-AEE4-D86126B4178F}.Release|Any CPU.ActiveCfg = Release|Any CPU
		{18FBD180-493B-4001-AEE4-D86126B4178F}.Release|Any CPU.Build.0 = Release|Any CPU
		{554A9259-8D83-434A-A573-2DD88F387ECB}.Debug|Any CPU.ActiveCfg = Debug|Any CPU
		{554A9259-8D83-434A-A573-2DD88F387ECB}.Debug|Any CPU.Build.0 = Debug|Any CPU
		{554A9259-8D83-434A-A573-2DD88F387ECB}.Release|Any CPU.ActiveCfg = Release|Any CPU
		{554A9259-8D83-434A-A573-2DD88F387ECB}.Release|Any CPU.Build.0 = Release|Any CPU
		{75338207-FFAE-465F-94D0-274ED1A4EA2D}.Debug|Any CPU.ActiveCfg = Debug|Any CPU
		{75338207-FFAE-465F-94D0-274ED1A4EA2D}.Debug|Any CPU.Build.0 = Debug|Any CPU
		{75338207-FFAE-465F-94D0-274ED1A4EA2D}.Release|Any CPU.ActiveCfg = Release|Any CPU
		{75338207-FFAE-465F-94D0-274ED1A4EA2D}.Release|Any CPU.Build.0 = Release|Any CPU
		{8F6FE4D4-580D-4633-8D0B-0963DDF50575}.Debug|Any CPU.ActiveCfg = Debug|Any CPU
		{8F6FE4D4-580D-4633-8D0B-0963DDF50575}.Debug|Any CPU.Build.0 = Debug|Any CPU
		{8F6FE4D4-580D-4633-8D0B-0963DDF50575}.Release|Any CPU.ActiveCfg = Release|Any CPU
		{8F6FE4D4-580D-4633-8D0B-0963DDF50575}.Release|Any CPU.Build.0 = Release|Any CPU
		{E6967E63-CDAE-4C4D-8FD8-F0CA666EC997}.Debug|Any CPU.ActiveCfg = Debug|Any CPU
		{E6967E63-CDAE-4C4D-8FD8-F0CA666EC997}.Debug|Any CPU.Build.0 = Debug|Any CPU
		{E6967E63-CDAE-4C4D-8FD8-F0CA666EC997}.Release|Any CPU.ActiveCfg = Release|Any CPU
		{E6967E63-CDAE-4C4D-8FD8-F0CA666EC997}.Release|Any CPU.Build.0 = Release|Any CPU
		{7FB63C43-6C96-47BC-9AE1-65484E9F9379}.Debug|Any CPU.ActiveCfg = Debug|Any CPU
		{7FB63C43-6C96-47BC-9AE1-65484E9F9379}.Debug|Any CPU.Build.0 = Debug|Any CPU
		{7FB63C43-6C96-47BC-9AE1-65484E9F9379}.Release|Any CPU.ActiveCfg = Release|Any CPU
		{7FB63C43-6C96-47BC-9AE1-65484E9F9379}.Release|Any CPU.Build.0 = Release|Any CPU
		{E7A8EFAE-F6AD-4A50-A5B1-3D4EBDBE7AAA}.Debug|Any CPU.ActiveCfg = Debug|Any CPU
		{E7A8EFAE-F6AD-4A50-A5B1-3D4EBDBE7AAA}.Debug|Any CPU.Build.0 = Debug|Any CPU
		{E7A8EFAE-F6AD-4A50-A5B1-3D4EBDBE7AAA}.Release|Any CPU.ActiveCfg = Release|Any CPU
		{E7A8EFAE-F6AD-4A50-A5B1-3D4EBDBE7AAA}.Release|Any CPU.Build.0 = Release|Any CPU
		{A244E87D-C415-4F9A-8558-9870AA64CCB0}.Debug|Any CPU.ActiveCfg = Debug|Any CPU
		{A244E87D-C415-4F9A-8558-9870AA64CCB0}.Debug|Any CPU.Build.0 = Debug|Any CPU
		{A244E87D-C415-4F9A-8558-9870AA64CCB0}.Release|Any CPU.ActiveCfg = Release|Any CPU
		{A244E87D-C415-4F9A-8558-9870AA64CCB0}.Release|Any CPU.Build.0 = Release|Any CPU
		{72E16F0C-3A1C-451B-9398-ED2129EA0A97}.Debug|Any CPU.ActiveCfg = Debug|Any CPU
		{72E16F0C-3A1C-451B-9398-ED2129EA0A97}.Debug|Any CPU.Build.0 = Debug|Any CPU
		{72E16F0C-3A1C-451B-9398-ED2129EA0A97}.Release|Any CPU.ActiveCfg = Release|Any CPU
		{72E16F0C-3A1C-451B-9398-ED2129EA0A97}.Release|Any CPU.Build.0 = Release|Any CPU
		{5795718C-9C27-49EC-9B3B-1809B9A0A6AF}.Debug|Any CPU.ActiveCfg = Debug|Any CPU
		{5795718C-9C27-49EC-9B3B-1809B9A0A6AF}.Debug|Any CPU.Build.0 = Debug|Any CPU
		{5795718C-9C27-49EC-9B3B-1809B9A0A6AF}.Release|Any CPU.ActiveCfg = Release|Any CPU
		{5795718C-9C27-49EC-9B3B-1809B9A0A6AF}.Release|Any CPU.Build.0 = Release|Any CPU
		{DF005E0E-139B-4891-A337-F89A62423978}.Debug|Any CPU.ActiveCfg = Debug|Any CPU
		{DF005E0E-139B-4891-A337-F89A62423978}.Debug|Any CPU.Build.0 = Debug|Any CPU
		{DF005E0E-139B-4891-A337-F89A62423978}.Release|Any CPU.ActiveCfg = Release|Any CPU
		{DF005E0E-139B-4891-A337-F89A62423978}.Release|Any CPU.Build.0 = Release|Any CPU
		{5222A069-1713-487B-A4BE-C8F0098AC3A6}.Debug|Any CPU.ActiveCfg = Debug|Any CPU
		{5222A069-1713-487B-A4BE-C8F0098AC3A6}.Debug|Any CPU.Build.0 = Debug|Any CPU
		{5222A069-1713-487B-A4BE-C8F0098AC3A6}.Release|Any CPU.ActiveCfg = Release|Any CPU
		{5222A069-1713-487B-A4BE-C8F0098AC3A6}.Release|Any CPU.Build.0 = Release|Any CPU
		{95A8ABDE-A7F7-4786-B303-EF99B370B651}.Debug|Any CPU.ActiveCfg = Debug|Any CPU
		{95A8ABDE-A7F7-4786-B303-EF99B370B651}.Debug|Any CPU.Build.0 = Debug|Any CPU
		{95A8ABDE-A7F7-4786-B303-EF99B370B651}.Release|Any CPU.ActiveCfg = Release|Any CPU
		{95A8ABDE-A7F7-4786-B303-EF99B370B651}.Release|Any CPU.Build.0 = Release|Any CPU
		{0C69E26C-B168-4F18-BF60-4380E083AC35}.Debug|Any CPU.ActiveCfg = Debug|Any CPU
		{0C69E26C-B168-4F18-BF60-4380E083AC35}.Debug|Any CPU.Build.0 = Debug|Any CPU
		{0C69E26C-B168-4F18-BF60-4380E083AC35}.Release|Any CPU.ActiveCfg = Release|Any CPU
		{0C69E26C-B168-4F18-BF60-4380E083AC35}.Release|Any CPU.Build.0 = Release|Any CPU
		{0B824E86-CBE3-4776-BA44-DF1F6D4C8C77}.Debug|Any CPU.ActiveCfg = Debug|Any CPU
		{0B824E86-CBE3-4776-BA44-DF1F6D4C8C77}.Debug|Any CPU.Build.0 = Debug|Any CPU
		{0B824E86-CBE3-4776-BA44-DF1F6D4C8C77}.Release|Any CPU.ActiveCfg = Release|Any CPU
		{0B824E86-CBE3-4776-BA44-DF1F6D4C8C77}.Release|Any CPU.Build.0 = Release|Any CPU
		{F4E9CEF6-DB55-4495-9147-1FBA966F567E}.Debug|Any CPU.ActiveCfg = Debug|Any CPU
		{F4E9CEF6-DB55-4495-9147-1FBA966F567E}.Debug|Any CPU.Build.0 = Debug|Any CPU
		{F4E9CEF6-DB55-4495-9147-1FBA966F567E}.Release|Any CPU.ActiveCfg = Release|Any CPU
		{F4E9CEF6-DB55-4495-9147-1FBA966F567E}.Release|Any CPU.Build.0 = Release|Any CPU
		{1F12CB1C-A997-4AEF-B3CA-3E768EF28804}.Debug|Any CPU.ActiveCfg = Debug|Any CPU
		{1F12CB1C-A997-4AEF-B3CA-3E768EF28804}.Debug|Any CPU.Build.0 = Debug|Any CPU
		{1F12CB1C-A997-4AEF-B3CA-3E768EF28804}.Release|Any CPU.ActiveCfg = Release|Any CPU
		{1F12CB1C-A997-4AEF-B3CA-3E768EF28804}.Release|Any CPU.Build.0 = Release|Any CPU
		{1448FFB9-D53F-4DB2-B581-C73CA5AFBE83}.Debug|Any CPU.ActiveCfg = Debug|Any CPU
		{1448FFB9-D53F-4DB2-B581-C73CA5AFBE83}.Debug|Any CPU.Build.0 = Debug|Any CPU
		{1448FFB9-D53F-4DB2-B581-C73CA5AFBE83}.Release|Any CPU.ActiveCfg = Release|Any CPU
		{1448FFB9-D53F-4DB2-B581-C73CA5AFBE83}.Release|Any CPU.Build.0 = Release|Any CPU
		{1C9582B6-A649-45E5-BE60-F07E8ED5FF2E}.Debug|Any CPU.ActiveCfg = Debug|Any CPU
		{1C9582B6-A649-45E5-BE60-F07E8ED5FF2E}.Debug|Any CPU.Build.0 = Debug|Any CPU
		{1C9582B6-A649-45E5-BE60-F07E8ED5FF2E}.Release|Any CPU.ActiveCfg = Release|Any CPU
		{1C9582B6-A649-45E5-BE60-F07E8ED5FF2E}.Release|Any CPU.Build.0 = Release|Any CPU
		{6B1E84D5-3054-4272-A4C9-5A6256F89003}.Debug|Any CPU.ActiveCfg = Debug|Any CPU
		{6B1E84D5-3054-4272-A4C9-5A6256F89003}.Debug|Any CPU.Build.0 = Debug|Any CPU
		{6B1E84D5-3054-4272-A4C9-5A6256F89003}.Release|Any CPU.ActiveCfg = Release|Any CPU
		{6B1E84D5-3054-4272-A4C9-5A6256F89003}.Release|Any CPU.Build.0 = Release|Any CPU
		{98ED0FE4-E71A-4DA3-9632-08CA47E35BB8}.Debug|Any CPU.ActiveCfg = Debug|Any CPU
		{98ED0FE4-E71A-4DA3-9632-08CA47E35BB8}.Debug|Any CPU.Build.0 = Debug|Any CPU
		{98ED0FE4-E71A-4DA3-9632-08CA47E35BB8}.Release|Any CPU.ActiveCfg = Release|Any CPU
		{98ED0FE4-E71A-4DA3-9632-08CA47E35BB8}.Release|Any CPU.Build.0 = Release|Any CPU
	EndGlobalSection
	GlobalSection(SolutionProperties) = preSolution
		HideSolutionNode = FALSE
	EndGlobalSection
	GlobalSection(NestedProjects) = preSolution
		{FB978D73-7620-4E43-B769-E62EA31EC34D} = {F45B1B37-3BE2-4E96-89C0-DAC6ADA1D0C1}
		{677C54AB-53C9-4131-9233-A39C2F62337D} = {F45B1B37-3BE2-4E96-89C0-DAC6ADA1D0C1}
		{5631A326-305A-47AE-BD80-D2A24861DE25} = {F45B1B37-3BE2-4E96-89C0-DAC6ADA1D0C1}
		{9CC55A56-91CC-4417-8D1D-8B52BB95B9C4} = {F45B1B37-3BE2-4E96-89C0-DAC6ADA1D0C1}
		{4D889E5A-659C-4F72-A1ED-4356EC52ADF2} = {F45B1B37-3BE2-4E96-89C0-DAC6ADA1D0C1}
		{B0834E48-3590-43F0-A316-20D0BAEDB78D} = {F45B1B37-3BE2-4E96-89C0-DAC6ADA1D0C1}
		{320B3617-D552-421E-B57E-6A6D6546A3AF} = {F45B1B37-3BE2-4E96-89C0-DAC6ADA1D0C1}
		{7B2A218E-C4E8-4EC7-AFE1-4CC75DB3B0E0} = {48AA143C-FA9A-4821-B4B8-AAEC885E2792}
		{65DB9BCD-B21D-49B9-BF35-965D639D8CDA} = {48AA143C-FA9A-4821-B4B8-AAEC885E2792}
		{EA51B36C-0E88-4D55-A703-FD764899D44C} = {48AA143C-FA9A-4821-B4B8-AAEC885E2792}
		{BC2209F9-1AC0-4A8A-BD99-CC13A8FDD3E1} = {48AA143C-FA9A-4821-B4B8-AAEC885E2792}
		{C7AA57B7-FBD5-42B7-814F-5982F798162F} = {48AA143C-FA9A-4821-B4B8-AAEC885E2792}
		{83E69A6D-8004-4AF9-9E69-653F7F0F373F} = {48AA143C-FA9A-4821-B4B8-AAEC885E2792}
		{799DF015-D66C-4722-87BB-1AEC0F9616DA} = {48AA143C-FA9A-4821-B4B8-AAEC885E2792}
		{672BDB44-0FF7-441C-809B-D9D735AF5518} = {48AA143C-FA9A-4821-B4B8-AAEC885E2792}
		{39F1D0E2-0913-409A-8104-540A773E32A3} = {48AA143C-FA9A-4821-B4B8-AAEC885E2792}
		{427E4488-5844-4E50-8B1A-ABE7FACB0A10} = {48AA143C-FA9A-4821-B4B8-AAEC885E2792}
		{18FBD180-493B-4001-AEE4-D86126B4178F} = {48AA143C-FA9A-4821-B4B8-AAEC885E2792}
		{554A9259-8D83-434A-A573-2DD88F387ECB} = {48AA143C-FA9A-4821-B4B8-AAEC885E2792}
		{75338207-FFAE-465F-94D0-274ED1A4EA2D} = {48AA143C-FA9A-4821-B4B8-AAEC885E2792}
		{8F6FE4D4-580D-4633-8D0B-0963DDF50575} = {643B4A3A-44ED-423B-A3FF-F23465DAF4BC}
		{E6967E63-CDAE-4C4D-8FD8-F0CA666EC997} = {643B4A3A-44ED-423B-A3FF-F23465DAF4BC}
		{7FB63C43-6C96-47BC-9AE1-65484E9F9379} = {643B4A3A-44ED-423B-A3FF-F23465DAF4BC}
		{E7A8EFAE-F6AD-4A50-A5B1-3D4EBDBE7AAA} = {643B4A3A-44ED-423B-A3FF-F23465DAF4BC}
		{A244E87D-C415-4F9A-8558-9870AA64CCB0} = {643B4A3A-44ED-423B-A3FF-F23465DAF4BC}
		{72E16F0C-3A1C-451B-9398-ED2129EA0A97} = {643B4A3A-44ED-423B-A3FF-F23465DAF4BC}
		{5795718C-9C27-49EC-9B3B-1809B9A0A6AF} = {643B4A3A-44ED-423B-A3FF-F23465DAF4BC}
		{DF005E0E-139B-4891-A337-F89A62423978} = {643B4A3A-44ED-423B-A3FF-F23465DAF4BC}
		{5222A069-1713-487B-A4BE-C8F0098AC3A6} = {643B4A3A-44ED-423B-A3FF-F23465DAF4BC}
		{95A8ABDE-A7F7-4786-B303-EF99B370B651} = {643B4A3A-44ED-423B-A3FF-F23465DAF4BC}
		{0C69E26C-B168-4F18-BF60-4380E083AC35} = {643B4A3A-44ED-423B-A3FF-F23465DAF4BC}
		{0B824E86-CBE3-4776-BA44-DF1F6D4C8C77} = {CCBED476-FBC6-4A0E-8AE3-6D943D76AC7A}
		{F4E9CEF6-DB55-4495-9147-1FBA966F567E} = {CCBED476-FBC6-4A0E-8AE3-6D943D76AC7A}
		{1F12CB1C-A997-4AEF-B3CA-3E768EF28804} = {CCBED476-FBC6-4A0E-8AE3-6D943D76AC7A}
		{1448FFB9-D53F-4DB2-B581-C73CA5AFBE83} = {CCBED476-FBC6-4A0E-8AE3-6D943D76AC7A}
		{64C1E8E3-89B3-4542-B65C-151219AE8C5B} = {F45B1B37-3BE2-4E96-89C0-DAC6ADA1D0C1}
		{1C9582B6-A649-45E5-BE60-F07E8ED5FF2E} = {64C1E8E3-89B3-4542-B65C-151219AE8C5B}
		{6B1E84D5-3054-4272-A4C9-5A6256F89003} = {64C1E8E3-89B3-4542-B65C-151219AE8C5B}
		{98ED0FE4-E71A-4DA3-9632-08CA47E35BB8} = {64C1E8E3-89B3-4542-B65C-151219AE8C5B}
	EndGlobalSection
	GlobalSection(ExtensibilityGlobals) = postSolution
		SolutionGuid = {5C48B558-7432-4C2D-BADD-7A75FA0DADA4}
	EndGlobalSection
EndGlobal
